
Microsoft Visual Studio Solution File, Format Version 12.00
# Visual Studio 15
VisualStudioVersion = 15.0.28307.102
MinimumVisualStudioVersion = 10.0.40219.1
Project("{9A19103F-16F7-4668-BE54-9A1E7A4F7556}") = "CoreSample", "samples\CoreSample\CoreSample.csproj", "{B4C12D34-2A83-4FD5-965A-5828165EA1AE}"
EndProject
Project("{9A19103F-16F7-4668-BE54-9A1E7A4F7556}") = "Hangfire.JobKits", "src\Hangfire.JobKits\Hangfire.JobKits.csproj", "{54132DF2-245A-4CCC-8755-65755B29BECB}"
EndProject
Global
	GlobalSection(SolutionConfigurationPlatforms) = preSolution
		Debug|Any CPU = Debug|Any CPU
		Release|Any CPU = Release|Any CPU
	EndGlobalSection
	GlobalSection(ProjectConfigurationPlatforms) = postSolution
		{B4C12D34-2A83-4FD5-965A-5828165EA1AE}.Debug|Any CPU.ActiveCfg = Debug|Any CPU
		{B4C12D34-2A83-4FD5-965A-5828165EA1AE}.Debug|Any CPU.Build.0 = Debug|Any CPU
		{B4C12D34-2A83-4FD5-965A-5828165EA1AE}.Release|Any CPU.ActiveCfg = Release|Any CPU
		{B4C12D34-2A83-4FD5-965A-5828165EA1AE}.Release|Any CPU.Build.0 = Release|Any CPU
		{54132DF2-245A-4CCC-8755-65755B29BECB}.Debug|Any CPU.ActiveCfg = Debug|Any CPU
		{54132DF2-245A-4CCC-8755-65755B29BECB}.Debug|Any CPU.Build.0 = Debug|Any CPU
		{54132DF2-245A-4CCC-8755-65755B29BECB}.Release|Any CPU.ActiveCfg = Release|Any CPU
		{54132DF2-245A-4CCC-8755-65755B29BECB}.Release|Any CPU.Build.0 = Release|Any CPU
	EndGlobalSection
	GlobalSection(SolutionProperties) = preSolution
		HideSolutionNode = FALSE
	EndGlobalSection
	GlobalSection(ExtensibilityGlobals) = postSolution
		SolutionGuid = {167F2D24-2044-4971-B389-37631AE16883}
	EndGlobalSection
EndGlobal
